
Microsoft Visual Studio Solution File, Format Version 12.00
# Visual Studio Version 17
VisualStudioVersion = 17.7.34202.233
MinimumVisualStudioVersion = 10.0.40219.1
Project("{FAE04EC0-301F-11D3-BF4B-00C04F79EFBC}") = "Curso de C#", "Curso de C#\Curso de C#.csproj", "{AC66D1F5-9502-4662-85C9-F20D6D11C6B9}"
EndProject
Global
	GlobalSection(SolutionConfigurationPlatforms) = preSolution
		Debug|Any CPU = Debug|Any CPU
		Release|Any CPU = Release|Any CPU
	EndGlobalSection
	GlobalSection(ProjectConfigurationPlatforms) = postSolution
		{AC66D1F5-9502-4662-85C9-F20D6D11C6B9}.Debug|Any CPU.ActiveCfg = Debug|Any CPU
		{AC66D1F5-9502-4662-85C9-F20D6D11C6B9}.Debug|Any CPU.Build.0 = Debug|Any CPU
		{AC66D1F5-9502-4662-85C9-F20D6D11C6B9}.Release|Any CPU.ActiveCfg = Release|Any CPU
		{AC66D1F5-9502-4662-85C9-F20D6D11C6B9}.Release|Any CPU.Build.0 = Release|Any CPU
	EndGlobalSection
	GlobalSection(SolutionProperties) = preSolution
		HideSolutionNode = FALSE
	EndGlobalSection
	GlobalSection(ExtensibilityGlobals) = postSolution
		SolutionGuid = {07EA4EEC-99B6-477B-8C75-3E13369961BD}
	EndGlobalSection
EndGlobal
